
Microsoft Visual Studio Solution File, Format Version 12.00
# Visual Studio Version 17
VisualStudioVersion = 17.0.32014.148
MinimumVisualStudioVersion = 10.0.40219.1
Project("{FAE04EC0-301F-11D3-BF4B-00C04F79EFBC}") = "ConsoleRestClient", "ConsoleRestClient.csproj", "{DACAA65E-DED4-4296-B752-EB6617660D4C}"
EndProject
Global
	GlobalSection(SolutionConfigurationPlatforms) = preSolution
		Debug|Any CPU = Debug|Any CPU
		Release|Any CPU = Release|Any CPU
	EndGlobalSection
	GlobalSection(ProjectConfigurationPlatforms) = postSolution
		{DACAA65E-DED4-4296-B752-EB6617660D4C}.Debug|Any CPU.ActiveCfg = Debug|Any CPU
		{DACAA65E-DED4-4296-B752-EB6617660D4C}.Debug|Any CPU.Build.0 = Debug|Any CPU
		{DACAA65E-DED4-4296-B752-EB6617660D4C}.Release|Any CPU.ActiveCfg = Release|Any CPU
		{DACAA65E-DED4-4296-B752-EB6617660D4C}.Release|Any CPU.Build.0 = Release|Any CPU
	EndGlobalSection
	GlobalSection(SolutionProperties) = preSolution
		HideSolutionNode = FALSE
	EndGlobalSection
	GlobalSection(ExtensibilityGlobals) = postSolution
		SolutionGuid = {AAC2860E-ED29-4EDC-BE31-742D9F3AB096}
	EndGlobalSection
EndGlobal
